// !$*UTF8*$!
{
	archiveVersion = 1;
	classes = {
	};
	objectVersion = 56;
	objects = {

/* Begin PBXBuildFile section */
		5F0141822A3B82F900A03DC6 /* FjallaOne-Regular.ttf in Resources */ = {isa = PBXBuildFile; fileRef = 5F01417F2A3B82F900A03DC6 /* FjallaOne-Regular.ttf */; };
		5F0141832A3B82F900A03DC6 /* American Captain.otf in Resources */ = {isa = PBXBuildFile; fileRef = 5F0141802A3B82F900A03DC6 /* American Captain.otf */; };
		5F0141842A3B82F900A03DC6 /* FHACondFrenchNC.otf in Resources */ = {isa = PBXBuildFile; fileRef = 5F0141812A3B82F900A03DC6 /* FHACondFrenchNC.otf */; };
		5F662CDA2A393EE900A6D168 /* TCA_MovieSwiftUIApp.swift in Sources */ = {isa = PBXBuildFile; fileRef = 5F662CD92A393EE900A6D168 /* TCA_MovieSwiftUIApp.swift */; };
		5F662CDC2A393EE900A6D168 /* ContentView.swift in Sources */ = {isa = PBXBuildFile; fileRef = 5F662CDB2A393EE900A6D168 /* ContentView.swift */; };
		5F662CDE2A393EEA00A6D168 /* Assets.xcassets in Resources */ = {isa = PBXBuildFile; fileRef = 5F662CDD2A393EEA00A6D168 /* Assets.xcassets */; };
		5F662CE12A393EEA00A6D168 /* Preview Assets.xcassets in Resources */ = {isa = PBXBuildFile; fileRef = 5F662CE02A393EEA00A6D168 /* Preview Assets.xcassets */; };
		5FA8B07B2A78EF6000AA8483 /* Common in Frameworks */ = {isa = PBXBuildFile; productRef = 5FA8B07A2A78EF6000AA8483 /* Common */; };
		5FA8B07D2A78EF6000AA8483 /* Data in Frameworks */ = {isa = PBXBuildFile; productRef = 5FA8B07C2A78EF6000AA8483 /* Data */; };
		5FA8B07F2A78EF6000AA8483 /* HomeFeature in Frameworks */ = {isa = PBXBuildFile; productRef = 5FA8B07E2A78EF6000AA8483 /* HomeFeature */; };
		5FA8B0812A78EF6000AA8483 /* NetworkClient in Frameworks */ = {isa = PBXBuildFile; productRef = 5FA8B0802A78EF6000AA8483 /* NetworkClient */; };
/* End PBXBuildFile section */

/* Begin PBXFileReference section */
		5F01417D2A3B81E100A03DC6 /* Info.plist */ = {isa = PBXFileReference; lastKnownFileType = text.plist; path = Info.plist; sourceTree = "<group>"; };
		5F01417F2A3B82F900A03DC6 /* FjallaOne-Regular.ttf */ = {isa = PBXFileReference; lastKnownFileType = file; path = "FjallaOne-Regular.ttf"; sourceTree = "<group>"; };
		5F0141802A3B82F900A03DC6 /* American Captain.otf */ = {isa = PBXFileReference; lastKnownFileType = file; path = "American Captain.otf"; sourceTree = "<group>"; };
		5F0141812A3B82F900A03DC6 /* FHACondFrenchNC.otf */ = {isa = PBXFileReference; lastKnownFileType = file; path = FHACondFrenchNC.otf; sourceTree = "<group>"; };
		5F662CD62A393EE900A6D168 /* TCA-MovieSwiftUI.app */ = {isa = PBXFileReference; explicitFileType = wrapper.application; includeInIndex = 0; path = "TCA-MovieSwiftUI.app"; sourceTree = BUILT_PRODUCTS_DIR; };
		5F662CD92A393EE900A6D168 /* TCA_MovieSwiftUIApp.swift */ = {isa = PBXFileReference; lastKnownFileType = sourcecode.swift; path = TCA_MovieSwiftUIApp.swift; sourceTree = "<group>"; };
		5F662CDB2A393EE900A6D168 /* ContentView.swift */ = {isa = PBXFileReference; lastKnownFileType = sourcecode.swift; path = ContentView.swift; sourceTree = "<group>"; };
		5F662CDD2A393EEA00A6D168 /* Assets.xcassets */ = {isa = PBXFileReference; lastKnownFileType = folder.assetcatalog; path = Assets.xcassets; sourceTree = "<group>"; };
		5F662CE02A393EEA00A6D168 /* Preview Assets.xcassets */ = {isa = PBXFileReference; lastKnownFileType = folder.assetcatalog; path = "Preview Assets.xcassets"; sourceTree = "<group>"; };
		5F662CF72A393F7C00A6D168 /* MovieKit */ = {isa = PBXFileReference; lastKnownFileType = wrapper; path = MovieKit; sourceTree = "<group>"; };
/* End PBXFileReference section */

/* Begin PBXFrameworksBuildPhase section */
		5F662CD32A393EE900A6D168 /* Frameworks */ = {
			isa = PBXFrameworksBuildPhase;
			buildActionMask = 2147483647;
			files = (
				5FA8B07D2A78EF6000AA8483 /* Data in Frameworks */,
				5FA8B07B2A78EF6000AA8483 /* Common in Frameworks */,
				5FA8B0812A78EF6000AA8483 /* NetworkClient in Frameworks */,
				5FA8B07F2A78EF6000AA8483 /* HomeFeature in Frameworks */,
			);
			runOnlyForDeploymentPostprocessing = 0;
		};
/* End PBXFrameworksBuildPhase section */

/* Begin PBXGroup section */
		5F01417E2A3B82F900A03DC6 /* Fonts */ = {
			isa = PBXGroup;
			children = (
				5F01417F2A3B82F900A03DC6 /* FjallaOne-Regular.ttf */,
				5F0141802A3B82F900A03DC6 /* American Captain.otf */,
				5F0141812A3B82F900A03DC6 /* FHACondFrenchNC.otf */,
			);
			path = Fonts;
			sourceTree = "<group>";
		};
		5F662CCD2A393EE900A6D168 = {
			isa = PBXGroup;
			children = (
				5F662CF72A393F7C00A6D168 /* MovieKit */,
				5F662CD82A393EE900A6D168 /* TCA-MovieSwiftUI */,
				5F662CD72A393EE900A6D168 /* Products */,
				5FA8B0792A78EF6000AA8483 /* Frameworks */,
			);
			sourceTree = "<group>";
		};
		5F662CD72A393EE900A6D168 /* Products */ = {
			isa = PBXGroup;
			children = (
				5F662CD62A393EE900A6D168 /* TCA-MovieSwiftUI.app */,
			);
			name = Products;
			sourceTree = "<group>";
		};
		5F662CD82A393EE900A6D168 /* TCA-MovieSwiftUI */ = {
			isa = PBXGroup;
			children = (
				5F01417E2A3B82F900A03DC6 /* Fonts */,
				5F01417D2A3B81E100A03DC6 /* Info.plist */,
				5F662CD92A393EE900A6D168 /* TCA_MovieSwiftUIApp.swift */,
				5F662CDB2A393EE900A6D168 /* ContentView.swift */,
				5F662CDD2A393EEA00A6D168 /* Assets.xcassets */,
				5F662CDF2A393EEA00A6D168 /* Preview Content */,
			);
			path = "TCA-MovieSwiftUI";
			sourceTree = "<group>";
		};
		5F662CDF2A393EEA00A6D168 /* Preview Content */ = {
			isa = PBXGroup;
			children = (
				5F662CE02A393EEA00A6D168 /* Preview Assets.xcassets */,
			);
			path = "Preview Content";
			sourceTree = "<group>";
		};
		5FA8B0792A78EF6000AA8483 /* Frameworks */ = {
			isa = PBXGroup;
			children = (
			);
			name = Frameworks;
			sourceTree = "<group>";
		};
/* End PBXGroup section */

/* Begin PBXNativeTarget section */
		5F662CD52A393EE900A6D168 /* TCA-MovieSwiftUI */ = {
			isa = PBXNativeTarget;
			buildConfigurationList = 5F662CE42A393EEA00A6D168 /* Build configuration list for PBXNativeTarget "TCA-MovieSwiftUI" */;
			buildPhases = (
				5F662CD22A393EE900A6D168 /* Sources */,
				5F662CD32A393EE900A6D168 /* Frameworks */,
				5F662CD42A393EE900A6D168 /* Resources */,
			);
			buildRules = (
			);
			dependencies = (
			);
			name = "TCA-MovieSwiftUI";
			packageProductDependencies = (
				5FA8B07A2A78EF6000AA8483 /* Common */,
				5FA8B07C2A78EF6000AA8483 /* Data */,
				5FA8B07E2A78EF6000AA8483 /* HomeFeature */,
				5FA8B0802A78EF6000AA8483 /* NetworkClient */,
			);
			productName = "TCA-MovieSwiftUI";
			productReference = 5F662CD62A393EE900A6D168 /* TCA-MovieSwiftUI.app */;
			productType = "com.apple.product-type.application";
		};
/* End PBXNativeTarget section */

/* Begin PBXProject section */
		5F662CCE2A393EE900A6D168 /* Project object */ = {
			isa = PBXProject;
			attributes = {
				BuildIndependentTargetsInParallel = 1;
				LastSwiftUpdateCheck = 1430;
				LastUpgradeCheck = 1430;
				TargetAttributes = {
					5F662CD52A393EE900A6D168 = {
						CreatedOnToolsVersion = 14.3;
					};
				};
			};
			buildConfigurationList = 5F662CD12A393EE900A6D168 /* Build configuration list for PBXProject "TCA-MovieSwiftUI" */;
			compatibilityVersion = "Xcode 14.0";
			developmentRegion = en;
			hasScannedForEncodings = 0;
			knownRegions = (
				en,
				Base,
			);
			mainGroup = 5F662CCD2A393EE900A6D168;
			productRefGroup = 5F662CD72A393EE900A6D168 /* Products */;
			projectDirPath = "";
			projectRoot = "";
			targets = (
				5F662CD52A393EE900A6D168 /* TCA-MovieSwiftUI */,
			);
		};
/* End PBXProject section */

/* Begin PBXResourcesBuildPhase section */
		5F662CD42A393EE900A6D168 /* Resources */ = {
			isa = PBXResourcesBuildPhase;
			buildActionMask = 2147483647;
			files = (
				5F0141842A3B82F900A03DC6 /* FHACondFrenchNC.otf in Resources */,
				5F662CE12A393EEA00A6D168 /* Preview Assets.xcassets in Resources */,
				5F662CDE2A393EEA00A6D168 /* Assets.xcassets in Resources */,
				5F0141822A3B82F900A03DC6 /* FjallaOne-Regular.ttf in Resources */,
				5F0141832A3B82F900A03DC6 /* American Captain.otf in Resources */,
			);
			runOnlyForDeploymentPostprocessing = 0;
		};
/* End PBXResourcesBuildPhase section */

/* Begin PBXSourcesBuildPhase section */
		5F662CD22A393EE900A6D168 /* Sources */ = {
			isa = PBXSourcesBuildPhase;
			buildActionMask = 2147483647;
			files = (
				5F662CDC2A393EE900A6D168 /* ContentView.swift in Sources */,
				5F662CDA2A393EE900A6D168 /* TCA_MovieSwiftUIApp.swift in Sources */,
			);
			runOnlyForDeploymentPostprocessing = 0;
		};
/* End PBXSourcesBuildPhase section */

/* Begin XCBuildConfiguration section */
		5F662CE22A393EEA00A6D168 /* Debug */ = {
			isa = XCBuildConfiguration;
			buildSettings = {
				ALWAYS_SEARCH_USER_PATHS = NO;
				CLANG_ANALYZER_NONNULL = YES;
				CLANG_ANALYZER_NUMBER_OBJECT_CONVERSION = YES_AGGRESSIVE;
				CLANG_CXX_LANGUAGE_STANDARD = "gnu++20";
				CLANG_ENABLE_MODULES = YES;
				CLANG_ENABLE_OBJC_ARC = YES;
				CLANG_ENABLE_OBJC_WEAK = YES;
				CLANG_WARN_BLOCK_CAPTURE_AUTORELEASING = YES;
				CLANG_WARN_BOOL_CONVERSION = YES;
				CLANG_WARN_COMMA = YES;
				CLANG_WARN_CONSTANT_CONVERSION = YES;
				CLANG_WARN_DEPRECATED_OBJC_IMPLEMENTATIONS = YES;
				CLANG_WARN_DIRECT_OBJC_ISA_USAGE = YES_ERROR;
				CLANG_WARN_DOCUMENTATION_COMMENTS = YES;
				CLANG_WARN_EMPTY_BODY = YES;
				CLANG_WARN_ENUM_CONVERSION = YES;
				CLANG_WARN_INFINITE_RECURSION = YES;
				CLANG_WARN_INT_CONVERSION = YES;
				CLANG_WARN_NON_LITERAL_NULL_CONVERSION = YES;
				CLANG_WARN_OBJC_IMPLICIT_RETAIN_SELF = YES;
				CLANG_WARN_OBJC_LITERAL_CONVERSION = YES;
				CLANG_WARN_OBJC_ROOT_CLASS = YES_ERROR;
				CLANG_WARN_QUOTED_INCLUDE_IN_FRAMEWORK_HEADER = YES;
				CLANG_WARN_RANGE_LOOP_ANALYSIS = YES;
				CLANG_WARN_STRICT_PROTOTYPES = YES;
				CLANG_WARN_SUSPICIOUS_MOVE = YES;
				CLANG_WARN_UNGUARDED_AVAILABILITY = YES_AGGRESSIVE;
				CLANG_WARN_UNREACHABLE_CODE = YES;
				CLANG_WARN__DUPLICATE_METHOD_MATCH = YES;
				COPY_PHASE_STRIP = NO;
				DEBUG_INFORMATION_FORMAT = dwarf;
				ENABLE_STRICT_OBJC_MSGSEND = YES;
				ENABLE_TESTABILITY = YES;
				GCC_C_LANGUAGE_STANDARD = gnu11;
				GCC_DYNAMIC_NO_PIC = NO;
				GCC_NO_COMMON_BLOCKS = YES;
				GCC_OPTIMIZATION_LEVEL = 0;
				GCC_PREPROCESSOR_DEFINITIONS = (
					"DEBUG=1",
					"$(inherited)",
				);
				GCC_WARN_64_TO_32_BIT_CONVERSION = YES;
				GCC_WARN_ABOUT_RETURN_TYPE = YES_ERROR;
				GCC_WARN_UNDECLARED_SELECTOR = YES;
				GCC_WARN_UNINITIALIZED_AUTOS = YES_AGGRESSIVE;
				GCC_WARN_UNUSED_FUNCTION = YES;
				GCC_WARN_UNUSED_VARIABLE = YES;
				IPHONEOS_DEPLOYMENT_TARGET = 16.4;
				MTL_ENABLE_DEBUG_INFO = INCLUDE_SOURCE;
				MTL_FAST_MATH = YES;
				ONLY_ACTIVE_ARCH = YES;
				SDKROOT = iphoneos;
				SWIFT_ACTIVE_COMPILATION_CONDITIONS = DEBUG;
				SWIFT_OPTIMIZATION_LEVEL = "-Onone";
			};
			name = Debug;
		};
		5F662CE32A393EEA00A6D168 /* Release */ = {
			isa = XCBuildConfiguration;
			buildSettings = {
				ALWAYS_SEARCH_USER_PATHS = NO;
				CLANG_ANALYZER_NONNULL = YES;
				CLANG_ANALYZER_NUMBER_OBJECT_CONVERSION = YES_AGGRESSIVE;
				CLANG_CXX_LANGUAGE_STANDARD = "gnu++20";
				CLANG_ENABLE_MODULES = YES;
				CLANG_ENABLE_OBJC_ARC = YES;
				CLANG_ENABLE_OBJC_WEAK = YES;
				CLANG_WARN_BLOCK_CAPTURE_AUTORELEASING = YES;
				CLANG_WARN_BOOL_CONVERSION = YES;
				CLANG_WARN_COMMA = YES;
				CLANG_WARN_CONSTANT_CONVERSION = YES;
				CLANG_WARN_DEPRECATED_OBJC_IMPLEMENTATIONS = YES;
				CLANG_WARN_DIRECT_OBJC_ISA_USAGE = YES_ERROR;
				CLANG_WARN_DOCUMENTATION_COMMENTS = YES;
				CLANG_WARN_EMPTY_BODY = YES;
				CLANG_WARN_ENUM_CONVERSION = YES;
				CLANG_WARN_INFINITE_RECURSION = YES;
				CLANG_WARN_INT_CONVERSION = YES;
				CLANG_WARN_NON_LITERAL_NULL_CONVERSION = YES;
				CLANG_WARN_OBJC_IMPLICIT_RETAIN_SELF = YES;
				CLANG_WARN_OBJC_LITERAL_CONVERSION = YES;
				CLANG_WARN_OBJC_ROOT_CLASS = YES_ERROR;
				CLANG_WARN_QUOTED_INCLUDE_IN_FRAMEWORK_HEADER = YES;
				CLANG_WARN_RANGE_LOOP_ANALYSIS = YES;
				CLANG_WARN_STRICT_PROTOTYPES = YES;
				CLANG_WARN_SUSPICIOUS_MOVE = YES;
				CLANG_WARN_UNGUARDED_AVAILABILITY = YES_AGGRESSIVE;
				CLANG_WARN_UNREACHABLE_CODE = YES;
				CLANG_WARN__DUPLICATE_METHOD_MATCH = YES;
				COPY_PHASE_STRIP = NO;
				DEBUG_INFORMATION_FORMAT = "dwarf-with-dsym";
				ENABLE_NS_ASSERTIONS = NO;
				ENABLE_STRICT_OBJC_MSGSEND = YES;
				GCC_C_LANGUAGE_STANDARD = gnu11;
				GCC_NO_COMMON_BLOCKS = YES;
				GCC_WARN_64_TO_32_BIT_CONVERSION = YES;
				GCC_WARN_ABOUT_RETURN_TYPE = YES_ERROR;
				GCC_WARN_UNDECLARED_SELECTOR = YES;
				GCC_WARN_UNINITIALIZED_AUTOS = YES_AGGRESSIVE;
				GCC_WARN_UNUSED_FUNCTION = YES;
				GCC_WARN_UNUSED_VARIABLE = YES;
				IPHONEOS_DEPLOYMENT_TARGET = 16.4;
				MTL_ENABLE_DEBUG_INFO = NO;
				MTL_FAST_MATH = YES;
				SDKROOT = iphoneos;
				SWIFT_COMPILATION_MODE = wholemodule;
				SWIFT_OPTIMIZATION_LEVEL = "-O";
				VALIDATE_PRODUCT = YES;
			};
			name = Release;
		};
		5F662CE52A393EEA00A6D168 /* Debug */ = {
			isa = XCBuildConfiguration;
			buildSettings = {
				ASSETCATALOG_COMPILER_APPICON_NAME = AppIcon;
				ASSETCATALOG_COMPILER_GLOBAL_ACCENT_COLOR_NAME = AccentColor;
				CODE_SIGN_STYLE = Automatic;
				CURRENT_PROJECT_VERSION = 1;
				DEVELOPMENT_ASSET_PATHS = "\"TCA-MovieSwiftUI/Preview Content\"";
				ENABLE_PREVIEWS = YES;
				GENERATE_INFOPLIST_FILE = YES;
				INFOPLIST_FILE = "TCA-MovieSwiftUI/Info.plist";
				INFOPLIST_KEY_UIApplicationSceneManifest_Generation = YES;
				INFOPLIST_KEY_UIApplicationSupportsIndirectInputEvents = YES;
				INFOPLIST_KEY_UILaunchScreen_Generation = YES;
				INFOPLIST_KEY_UISupportedInterfaceOrientations_iPad = "UIInterfaceOrientationPortrait UIInterfaceOrientationPortraitUpsideDown UIInterfaceOrientationLandscapeLeft UIInterfaceOrientationLandscapeRight";
				INFOPLIST_KEY_UISupportedInterfaceOrientations_iPhone = "UIInterfaceOrientationPortrait UIInterfaceOrientationLandscapeLeft UIInterfaceOrientationLandscapeRight";
				LD_RUNPATH_SEARCH_PATHS = (
					"$(inherited)",
					"@executable_path/Frameworks",
				);
				MARKETING_VERSION = 1.0;
				PRODUCT_BUNDLE_IDENTIFIER = "com.solutions.airu.TCA-MovieSwiftUI";
				PRODUCT_NAME = "$(TARGET_NAME)";
				SWIFT_EMIT_LOC_STRINGS = YES;
				SWIFT_VERSION = 5.0;
				TARGETED_DEVICE_FAMILY = "1,2";
			};
			name = Debug;
		};
		5F662CE62A393EEA00A6D168 /* Release */ = {
			isa = XCBuildConfiguration;
			buildSettings = {
				ASSETCATALOG_COMPILER_APPICON_NAME = AppIcon;
				ASSETCATALOG_COMPILER_GLOBAL_ACCENT_COLOR_NAME = AccentColor;
				CODE_SIGN_STYLE = Automatic;
				CURRENT_PROJECT_VERSION = 1;
				DEVELOPMENT_ASSET_PATHS = "\"TCA-MovieSwiftUI/Preview Content\"";
				ENABLE_PREVIEWS = YES;
				GENERATE_INFOPLIST_FILE = YES;
				INFOPLIST_FILE = "TCA-MovieSwiftUI/Info.plist";
				INFOPLIST_KEY_UIApplicationSceneManifest_Generation = YES;
				INFOPLIST_KEY_UIApplicationSupportsIndirectInputEvents = YES;
				INFOPLIST_KEY_UILaunchScreen_Generation = YES;
				INFOPLIST_KEY_UISupportedInterfaceOrientations_iPad = "UIInterfaceOrientationPortrait UIInterfaceOrientationPortraitUpsideDown UIInterfaceOrientationLandscapeLeft UIInterfaceOrientationLandscapeRight";
				INFOPLIST_KEY_UISupportedInterfaceOrientations_iPhone = "UIInterfaceOrientationPortrait UIInterfaceOrientationLandscapeLeft UIInterfaceOrientationLandscapeRight";
				LD_RUNPATH_SEARCH_PATHS = (
					"$(inherited)",
					"@executable_path/Frameworks",
				);
				MARKETING_VERSION = 1.0;
				PRODUCT_BUNDLE_IDENTIFIER = "com.solutions.airu.TCA-MovieSwiftUI";
				PRODUCT_NAME = "$(TARGET_NAME)";
				SWIFT_EMIT_LOC_STRINGS = YES;
				SWIFT_VERSION = 5.0;
				TARGETED_DEVICE_FAMILY = "1,2";
			};
			name = Release;
		};
/* End XCBuildConfiguration section */

/* Begin XCConfigurationList section */
		5F662CD12A393EE900A6D168 /* Build configuration list for PBXProject "TCA-MovieSwiftUI" */ = {
			isa = XCConfigurationList;
			buildConfigurations = (
				5F662CE22A393EEA00A6D168 /* Debug */,
				5F662CE32A393EEA00A6D168 /* Release */,
			);
			defaultConfigurationIsVisible = 0;
			defaultConfigurationName = Release;
		};
		5F662CE42A393EEA00A6D168 /* Build configuration list for PBXNativeTarget "TCA-MovieSwiftUI" */ = {
			isa = XCConfigurationList;
			buildConfigurations = (
				5F662CE52A393EEA00A6D168 /* Debug */,
				5F662CE62A393EEA00A6D168 /* Release */,
			);
			defaultConfigurationIsVisible = 0;
			defaultConfigurationName = Release;
		};
/* End XCConfigurationList section */

/* Begin XCSwiftPackageProductDependency section */
		5FA8B07A2A78EF6000AA8483 /* Common */ = {
			isa = XCSwiftPackageProductDependency;
			productName = Common;
		};
		5FA8B07C2A78EF6000AA8483 /* Data */ = {
			isa = XCSwiftPackageProductDependency;
			productName = Data;
		};
		5FA8B07E2A78EF6000AA8483 /* HomeFeature */ = {
			isa = XCSwiftPackageProductDependency;
			productName = HomeFeature;
		};
		5FA8B0802A78EF6000AA8483 /* NetworkClient */ = {
			isa = XCSwiftPackageProductDependency;
			productName = NetworkClient;
		};
/* End XCSwiftPackageProductDependency section */
	};
	rootObject = 5F662CCE2A393EE900A6D168 /* Project object */;
}
